
Microsoft Visual Studio Solution File, Format Version 12.00
# Visual Studio 15
VisualStudioVersion = 15.0.28307.960
MinimumVisualStudioVersion = 10.0.40219.1
Project("{9A19103F-16F7-4668-BE54-9A1E7A4F7556}") = "DesignPattern-Builder", "DesignPattern-Builder\DesignPattern-Builder.csproj", "{A50396D8-D25C-493B-9231-22FEA1323AF9}"
EndProject
Project("{FAE04EC0-301F-11D3-BF4B-00C04F79EFBC}") = "BuilderDesignPattern", "..\BuilderDesignPattern\BuilderDesignPattern\BuilderDesignPattern.csproj", "{41E0543D-340D-46BD-8D31-9023CAAEA763}"
EndProject
Global
	GlobalSection(SolutionConfigurationPlatforms) = preSolution
		Debug|Any CPU = Debug|Any CPU
		Release|Any CPU = Release|Any CPU
	EndGlobalSection
	GlobalSection(ProjectConfigurationPlatforms) = postSolution
		{A50396D8-D25C-493B-9231-22FEA1323AF9}.Debug|Any CPU.ActiveCfg = Debug|Any CPU
		{A50396D8-D25C-493B-9231-22FEA1323AF9}.Debug|Any CPU.Build.0 = Debug|Any CPU
		{A50396D8-D25C-493B-9231-22FEA1323AF9}.Release|Any CPU.ActiveCfg = Release|Any CPU
		{A50396D8-D25C-493B-9231-22FEA1323AF9}.Release|Any CPU.Build.0 = Release|Any CPU
		{41E0543D-340D-46BD-8D31-9023CAAEA763}.Debug|Any CPU.ActiveCfg = Debug|Any CPU
		{41E0543D-340D-46BD-8D31-9023CAAEA763}.Debug|Any CPU.Build.0 = Debug|Any CPU
		{41E0543D-340D-46BD-8D31-9023CAAEA763}.Release|Any CPU.ActiveCfg = Release|Any CPU
		{41E0543D-340D-46BD-8D31-9023CAAEA763}.Release|Any CPU.Build.0 = Release|Any CPU
	EndGlobalSection
	GlobalSection(SolutionProperties) = preSolution
		HideSolutionNode = FALSE
	EndGlobalSection
	GlobalSection(ExtensibilityGlobals) = postSolution
		SolutionGuid = {93423D58-183C-4043-AB5D-B80D68A708EC}
	EndGlobalSection
EndGlobal
